
Microsoft Visual Studio Solution File, Format Version 12.00
# Visual Studio Version 17
VisualStudioVersion = 17.0.31903.59
MinimumVisualStudioVersion = 10.0.40219.1
Project("{FAE04EC0-301F-11D3-BF4B-00C04F79EFBC}") = "API", "API\API.csproj", "{2E0A7ADE-04E0-43F1-9A65-217ECF83F1ED}"
EndProject
Project("{FAE04EC0-301F-11D3-BF4B-00C04F79EFBC}") = "Domain", "Domain\Domain.csproj", "{8EA56D91-90CB-49BE-8DFC-41468732DD26}"
EndProject
Project("{FAE04EC0-301F-11D3-BF4B-00C04F79EFBC}") = "Persistance", "Persistance\Persistance.csproj", "{EC214672-2055-4872-97E3-91D52B59B42D}"
EndProject
Project("{FAE04EC0-301F-11D3-BF4B-00C04F79EFBC}") = "Application", "Application\Application.csproj", "{7CAA7372-DEC5-408B-8227-C85522E08C64}"
EndProject
Project("{FAE04EC0-301F-11D3-BF4B-00C04F79EFBC}") = "Common", "Common\Common.csproj", "{D1BC0741-B647-462F-B7EA-E86911BE90A2}"
EndProject
Global
	GlobalSection(SolutionConfigurationPlatforms) = preSolution
		Debug|Any CPU = Debug|Any CPU
		Debug|x64 = Debug|x64
		Debug|x86 = Debug|x86
		Release|Any CPU = Release|Any CPU
		Release|x64 = Release|x64
		Release|x86 = Release|x86
	EndGlobalSection
	GlobalSection(ProjectConfigurationPlatforms) = postSolution
		{2E0A7ADE-04E0-43F1-9A65-217ECF83F1ED}.Debug|Any CPU.ActiveCfg = Debug|Any CPU
		{2E0A7ADE-04E0-43F1-9A65-217ECF83F1ED}.Debug|Any CPU.Build.0 = Debug|Any CPU
		{2E0A7ADE-04E0-43F1-9A65-217ECF83F1ED}.Debug|x64.ActiveCfg = Debug|Any CPU
		{2E0A7ADE-04E0-43F1-9A65-217ECF83F1ED}.Debug|x64.Build.0 = Debug|Any CPU
		{2E0A7ADE-04E0-43F1-9A65-217ECF83F1ED}.Debug|x86.ActiveCfg = Debug|Any CPU
		{2E0A7ADE-04E0-43F1-9A65-217ECF83F1ED}.Debug|x86.Build.0 = Debug|Any CPU
		{2E0A7ADE-04E0-43F1-9A65-217ECF83F1ED}.Release|Any CPU.ActiveCfg = Release|Any CPU
		{2E0A7ADE-04E0-43F1-9A65-217ECF83F1ED}.Release|Any CPU.Build.0 = Release|Any CPU
		{2E0A7ADE-04E0-43F1-9A65-217ECF83F1ED}.Release|x64.ActiveCfg = Release|Any CPU
		{2E0A7ADE-04E0-43F1-9A65-217ECF83F1ED}.Release|x64.Build.0 = Release|Any CPU
		{2E0A7ADE-04E0-43F1-9A65-217ECF83F1ED}.Release|x86.ActiveCfg = Release|Any CPU
		{2E0A7ADE-04E0-43F1-9A65-217ECF83F1ED}.Release|x86.Build.0 = Release|Any CPU
		{8EA56D91-90CB-49BE-8DFC-41468732DD26}.Debug|Any CPU.ActiveCfg = Debug|Any CPU
		{8EA56D91-90CB-49BE-8DFC-41468732DD26}.Debug|Any CPU.Build.0 = Debug|Any CPU
		{8EA56D91-90CB-49BE-8DFC-41468732DD26}.Debug|x64.ActiveCfg = Debug|Any CPU
		{8EA56D91-90CB-49BE-8DFC-41468732DD26}.Debug|x64.Build.0 = Debug|Any CPU
		{8EA56D91-90CB-49BE-8DFC-41468732DD26}.Debug|x86.ActiveCfg = Debug|Any CPU
		{8EA56D91-90CB-49BE-8DFC-41468732DD26}.Debug|x86.Build.0 = Debug|Any CPU
		{8EA56D91-90CB-49BE-8DFC-41468732DD26}.Release|Any CPU.ActiveCfg = Release|Any CPU
		{8EA56D91-90CB-49BE-8DFC-41468732DD26}.Release|Any CPU.Build.0 = Release|Any CPU
		{8EA56D91-90CB-49BE-8DFC-41468732DD26}.Release|x64.ActiveCfg = Release|Any CPU
		{8EA56D91-90CB-49BE-8DFC-41468732DD26}.Release|x64.Build.0 = Release|Any CPU
		{8EA56D91-90CB-49BE-8DFC-41468732DD26}.Release|x86.ActiveCfg = Release|Any CPU
		{8EA56D91-90CB-49BE-8DFC-41468732DD26}.Release|x86.Build.0 = Release|Any CPU
		{EC214672-2055-4872-97E3-91D52B59B42D}.Debug|Any CPU.ActiveCfg = Debug|Any CPU
		{EC214672-2055-4872-97E3-91D52B59B42D}.Debug|Any CPU.Build.0 = Debug|Any CPU
		{EC214672-2055-4872-97E3-91D52B59B42D}.Debug|x64.ActiveCfg = Debug|Any CPU
		{EC214672-2055-4872-97E3-91D52B59B42D}.Debug|x64.Build.0 = Debug|Any CPU
		{EC214672-2055-4872-97E3-91D52B59B42D}.Debug|x86.ActiveCfg = Debug|Any CPU
		{EC214672-2055-4872-97E3-91D52B59B42D}.Debug|x86.Build.0 = Debug|Any CPU
		{EC214672-2055-4872-97E3-91D52B59B42D}.Release|Any CPU.ActiveCfg = Release|Any CPU
		{EC214672-2055-4872-97E3-91D52B59B42D}.Release|Any CPU.Build.0 = Release|Any CPU
		{EC214672-2055-4872-97E3-91D52B59B42D}.Release|x64.ActiveCfg = Release|Any CPU
		{EC214672-2055-4872-97E3-91D52B59B42D}.Release|x64.Build.0 = Release|Any CPU
		{EC214672-2055-4872-97E3-91D52B59B42D}.Release|x86.ActiveCfg = Release|Any CPU
		{EC214672-2055-4872-97E3-91D52B59B42D}.Release|x86.Build.0 = Release|Any CPU
		{7CAA7372-DEC5-408B-8227-C85522E08C64}.Debug|Any CPU.ActiveCfg = Debug|Any CPU
		{7CAA7372-DEC5-408B-8227-C85522E08C64}.Debug|Any CPU.Build.0 = Debug|Any CPU
		{7CAA7372-DEC5-408B-8227-C85522E08C64}.Debug|x64.ActiveCfg = Debug|Any CPU
		{7CAA7372-DEC5-408B-8227-C85522E08C64}.Debug|x64.Build.0 = Debug|Any CPU
		{7CAA7372-DEC5-408B-8227-C85522E08C64}.Debug|x86.ActiveCfg = Debug|Any CPU
		{7CAA7372-DEC5-408B-8227-C85522E08C64}.Debug|x86.Build.0 = Debug|Any CPU
		{7CAA7372-DEC5-408B-8227-C85522E08C64}.Release|Any CPU.ActiveCfg = Release|Any CPU
		{7CAA7372-DEC5-408B-8227-C85522E08C64}.Release|Any CPU.Build.0 = Release|Any CPU
		{7CAA7372-DEC5-408B-8227-C85522E08C64}.Release|x64.ActiveCfg = Release|Any CPU
		{7CAA7372-DEC5-408B-8227-C85522E08C64}.Release|x64.Build.0 = Release|Any CPU
		{7CAA7372-DEC5-408B-8227-C85522E08C64}.Release|x86.ActiveCfg = Release|Any CPU
		{7CAA7372-DEC5-408B-8227-C85522E08C64}.Release|x86.Build.0 = Release|Any CPU
		{D1BC0741-B647-462F-B7EA-E86911BE90A2}.Debug|Any CPU.ActiveCfg = Debug|Any CPU
		{D1BC0741-B647-462F-B7EA-E86911BE90A2}.Debug|Any CPU.Build.0 = Debug|Any CPU
		{D1BC0741-B647-462F-B7EA-E86911BE90A2}.Debug|x64.ActiveCfg = Debug|Any CPU
		{D1BC0741-B647-462F-B7EA-E86911BE90A2}.Debug|x64.Build.0 = Debug|Any CPU
		{D1BC0741-B647-462F-B7EA-E86911BE90A2}.Debug|x86.ActiveCfg = Debug|Any CPU
		{D1BC0741-B647-462F-B7EA-E86911BE90A2}.Debug|x86.Build.0 = Debug|Any CPU
		{D1BC0741-B647-462F-B7EA-E86911BE90A2}.Release|Any CPU.ActiveCfg = Release|Any CPU
		{D1BC0741-B647-462F-B7EA-E86911BE90A2}.Release|Any CPU.Build.0 = Release|Any CPU
		{D1BC0741-B647-462F-B7EA-E86911BE90A2}.Release|x64.ActiveCfg = Release|Any CPU
		{D1BC0741-B647-462F-B7EA-E86911BE90A2}.Release|x64.Build.0 = Release|Any CPU
		{D1BC0741-B647-462F-B7EA-E86911BE90A2}.Release|x86.ActiveCfg = Release|Any CPU
		{D1BC0741-B647-462F-B7EA-E86911BE90A2}.Release|x86.Build.0 = Release|Any CPU
	EndGlobalSection
	GlobalSection(SolutionProperties) = preSolution
		HideSolutionNode = FALSE
	EndGlobalSection
EndGlobal
